<Solution>
  <Folder Name="/docs/">
    <File Path="docs/adding react.md" />
    <File Path="docs/architecture-review.md" />
    <File Path="docs/article.md" />
    <File Path="docs/azure-deployment.md" />
  </Folder>
  <Folder Name="/Solution Items/">
    <File Path=".gitignore" />
    <File Path="Directory.Build.props" />
    <File Path="Directory.Packages.props" />
    <File Path="global.json" />
    <File Path="README.md" />
    <File Path="Test.http" />
  </Folder>
  <Project Path="src/AspirePy.AppHost/AspirePy.AppHost.csproj" />
  <Project Path="src/AspirePy.ServiceDefaults/AspirePy.ServiceDefaults.csproj" />
  <Project Path="src/AspirePy.Web/AspirePy.Web.csproj" />
</Solution>
